
Microsoft Visual Studio Solution File, Format Version 12.00
# Visual Studio Version 16
VisualStudioVersion = 16.0.31025.194
MinimumVisualStudioVersion = 10.0.40219.1
Project("{FAE04EC0-301F-11D3-BF4B-00C04F79EFBC}") = "NewYearGift", "NewYearGift\NewYearGift.csproj", "{FB65A5D9-052C-43B9-B61A-4FB6FA33DD6D}"
EndProject
Global
	GlobalSection(SolutionConfigurationPlatforms) = preSolution
		Debug|Any CPU = Debug|Any CPU
		Release|Any CPU = Release|Any CPU
	EndGlobalSection
	GlobalSection(ProjectConfigurationPlatforms) = postSolution
		{FB65A5D9-052C-43B9-B61A-4FB6FA33DD6D}.Debug|Any CPU.ActiveCfg = Debug|Any CPU
		{FB65A5D9-052C-43B9-B61A-4FB6FA33DD6D}.Debug|Any CPU.Build.0 = Debug|Any CPU
		{FB65A5D9-052C-43B9-B61A-4FB6FA33DD6D}.Release|Any CPU.ActiveCfg = Release|Any CPU
		{FB65A5D9-052C-43B9-B61A-4FB6FA33DD6D}.Release|Any CPU.Build.0 = Release|Any CPU
	EndGlobalSection
	GlobalSection(SolutionProperties) = preSolution
		HideSolutionNode = FALSE
	EndGlobalSection
	GlobalSection(ExtensibilityGlobals) = postSolution
		SolutionGuid = {129605E2-2EDA-4BA9-BBB9-4CE4759F67F4}
	EndGlobalSection
EndGlobal
